
Microsoft Visual Studio Solution File, Format Version 12.00
# Visual Studio Version 17
VisualStudioVersion = 17.10.35122.118
MinimumVisualStudioVersion = 10.0.40219.1
Project("{8BC9CEB8-8B4A-11D0-8D11-00A0C91BC942}") = "ffmpeg-simple-player", "ffmpeg-simple-player\ffmpeg-simple-player.vcxproj", "{0375F8EF-F92F-48AA-9AD9-5D8A86C8921C}"
EndProject
Global
	GlobalSection(SolutionConfigurationPlatforms) = preSolution
		Debug|x64 = Debug|x64
		Debug|x86 = Debug|x86
		Release|x64 = Release|x64
		Release|x86 = Release|x86
	EndGlobalSection
	GlobalSection(ProjectConfigurationPlatforms) = postSolution
		{0375F8EF-F92F-48AA-9AD9-5D8A86C8921C}.Debug|x64.ActiveCfg = Debug|x64
		{0375F8EF-F92F-48AA-9AD9-5D8A86C8921C}.Debug|x64.Build.0 = Debug|x64
		{0375F8EF-F92F-48AA-9AD9-5D8A86C8921C}.Debug|x86.ActiveCfg = Debug|Win32
		{0375F8EF-F92F-48AA-9AD9-5D8A86C8921C}.Debug|x86.Build.0 = Debug|Win32
		{0375F8EF-F92F-48AA-9AD9-5D8A86C8921C}.Release|x64.ActiveCfg = Release|x64
		{0375F8EF-F92F-48AA-9AD9-5D8A86C8921C}.Release|x64.Build.0 = Release|x64
		{0375F8EF-F92F-48AA-9AD9-5D8A86C8921C}.Release|x86.ActiveCfg = Release|Win32
		{0375F8EF-F92F-48AA-9AD9-5D8A86C8921C}.Release|x86.Build.0 = Release|Win32
	EndGlobalSection
	GlobalSection(SolutionProperties) = preSolution
		HideSolutionNode = FALSE
	EndGlobalSection
	GlobalSection(ExtensibilityGlobals) = postSolution
		SolutionGuid = {BD2CED45-9FDC-4C00-A731-CAA4FB5E98CB}
	EndGlobalSection
EndGlobal
